
Microsoft Visual Studio Solution File, Format Version 12.00
# Visual Studio 15
VisualStudioVersion = 15.0.28307.902
MinimumVisualStudioVersion = 10.0.40219.1
Project("{FAE04EC0-301F-11D3-BF4B-00C04F79EFBC}") = "AKQAProject", "AKQAProject\AKQAProject.csproj", "{7B645FB3-4967-481F-BD58-9E07E1098DBB}"
EndProject
Project("{FAE04EC0-301F-11D3-BF4B-00C04F79EFBC}") = "AKQAProject.Tests", "AKQAProject.Tests\AKQAProject.Tests.csproj", "{DD7E0927-E90C-4B84-8D60-AC4C08C8ACB3}"
EndProject
Global
	GlobalSection(SolutionConfigurationPlatforms) = preSolution
		Debug|Any CPU = Debug|Any CPU
		Release|Any CPU = Release|Any CPU
	EndGlobalSection
	GlobalSection(ProjectConfigurationPlatforms) = postSolution
		{7B645FB3-4967-481F-BD58-9E07E1098DBB}.Debug|Any CPU.ActiveCfg = Debug|Any CPU
		{7B645FB3-4967-481F-BD58-9E07E1098DBB}.Debug|Any CPU.Build.0 = Debug|Any CPU
		{7B645FB3-4967-481F-BD58-9E07E1098DBB}.Release|Any CPU.ActiveCfg = Release|Any CPU
		{7B645FB3-4967-481F-BD58-9E07E1098DBB}.Release|Any CPU.Build.0 = Release|Any CPU
		{DD7E0927-E90C-4B84-8D60-AC4C08C8ACB3}.Debug|Any CPU.ActiveCfg = Debug|Any CPU
		{DD7E0927-E90C-4B84-8D60-AC4C08C8ACB3}.Debug|Any CPU.Build.0 = Debug|Any CPU
		{DD7E0927-E90C-4B84-8D60-AC4C08C8ACB3}.Release|Any CPU.ActiveCfg = Release|Any CPU
		{DD7E0927-E90C-4B84-8D60-AC4C08C8ACB3}.Release|Any CPU.Build.0 = Release|Any CPU
	EndGlobalSection
	GlobalSection(SolutionProperties) = preSolution
		HideSolutionNode = FALSE
	EndGlobalSection
	GlobalSection(ExtensibilityGlobals) = postSolution
		SolutionGuid = {A3B78407-45FD-4066-A7FE-C930BCDD5D19}
	EndGlobalSection
EndGlobal
